{
  "name": "gis-urban-economy-database",
  "lockfileVersion": 3,
  "requires": true,
  "packages": {
    "": {
      "name": "gis-urban-economy-database",
      "dependencies": {
        "dotenv": "^16.4.7",
        "pg": "^8.16.0",
        "shpjs": "^6.2.0"
      },
      "devDependencies": {
        "shp-write": "^0.3.2"
      }
    },
    "node_modules/but-unzip": {
      "version": "0.1.10",
      "resolved": "https://registry.npmjs.org/but-unzip/-/but-unzip-0.1.10.tgz",
      "integrity": "sha512-hLfQ9WlUimmv/okzsRl6AYG3Ew5HNWhWgUslSR93FsDdeL0MAoQvmC/BJfs35lqEAO5t/QD7Y4vCFcPJtijt3A==",
      "license": "Apache-2.0"
    },
    "node_modules/dbf": {
      "version": "0.1.4",
      "resolved": "https://registry.npmjs.org/dbf/-/dbf-0.1.4.tgz",
      "integrity": "sha512-7tQ8w5NB74PL1f0Z/NQ6Y+URjBFhtEsFxzEQSzot2+VpLwWfrNnxFVhzWm6dJyEtFq0WkYWcGEMDf39fy8JFaw==",
      "dev": true,
      "license": "BSD-2-Clause",
      "dependencies": {
        "jdataview": "~2.5.0"
      }
    },
    "node_modules/dotenv": {
      "version": "16.6.1",
      "resolved": "https://registry.npmjs.org/dotenv/-/dotenv-16.6.1.tgz",
      "integrity": "sha512-uBq4egWHTcTt33a72vpSG0z3HnPuIl6NqYcTrKEg2azoEyl2hpW0zqlxysq2pK9HlDIHyHyakeYaYnSAwd8bow==",
      "license": "BSD-2-Clause",
      "engines": {
        "node": ">=12"
      },
      "funding": {
        "url": "https://dotenvx.com"
      }
    },
    "node_modules/jdataview": {
      "version": "2.5.0",
      "resolved": "https://registry.npmjs.org/jdataview/-/jdataview-2.5.0.tgz",
      "integrity": "sha512-ZJop3D5nyDcWPBPv4NPnhCvx3HgQNsCXMfw8gpNKY16BobgxmVF+kJ08aHuqk6bJQVeL2mkf6nDCcZPMompalw==",
      "dev": true
    },
    "node_modules/jszip": {
      "version": "2.5.0",
      "resolved": "https://registry.npmjs.org/jszip/-/jszip-2.5.0.tgz",
      "integrity": "sha512-IRoyf8JSYY3nx+uyh5xPc0qdy8pUDTp2UkHOWYNF/IO/3D8nx7899UlSAjD8rf8wUgOmm0lACWx/GbW3EaxIXQ==",
      "dev": true,
      "license": "MIT or GPLv3",
      "dependencies": {
        "pako": "~0.2.5"
      }
    },
    "node_modules/mgrs": {
      "version": "1.0.0",
      "resolved": "https://registry.npmjs.org/mgrs/-/mgrs-1.0.0.tgz",
      "integrity": "sha512-awNbTOqCxK1DBGjalK3xqWIstBZgN6fxsMSiXLs9/spqWkF2pAhb2rrYCFSsr1/tT7PhcDGjZndG8SWYn0byYA==",
      "license": "MIT"
    },
    "node_modules/pako": {
      "version": "0.2.9",
      "resolved": "https://registry.npmjs.org/pako/-/pako-0.2.9.tgz",
      "integrity": "sha512-NUcwaKxUxWrZLpDG+z/xZaCgQITkA/Dv4V/T6bw7VON6l1Xz/VnrBqrYjZQ12TamKHzITTfOEIYUj48y2KXImA==",
      "dev": true,
      "license": "MIT"
    },
    "node_modules/parsedbf": {
      "version": "2.0.0",
      "resolved": "https://registry.npmjs.org/parsedbf/-/parsedbf-2.0.0.tgz",
      "integrity": "sha512-WNjKn/cwgGBkXqQLif+2VMEahcRHkBRU0/RfBWZ7Vj7snRNNW63yW1mVuuHRDyXTRxuGCzAHHBcr/Fn+U/bXjQ==",
      "license": "MIT"
    },
    "node_modules/pg": {
      "version": "8.21.0",
      "resolved": "https://registry.npmjs.org/pg/-/pg-8.21.0.tgz",
      "integrity": "sha512-AUP1EYJuHraQGsVoCQVIcM7TEJVGtDzxWtGFZd8rds9d+CCXlU5Js1rYgfLNvxy9iJrpHjGrRjoi/3BT9fRyiA==",
      "license": "MIT",
      "peer": true,
      "dependencies": {
        "pg-connection-string": "^2.13.0",
        "pg-pool": "^3.14.0",
        "pg-protocol": "^1.14.0",
        "pg-types": "2.2.0",
        "pgpass": "1.0.5"
      },
      "engines": {
        "node": ">= 16.0.0"
      },
      "optionalDependencies": {
        "pg-cloudflare": "^1.4.0"
      },
      "peerDependencies": {
        "pg-native": ">=3.0.1"
      },
      "peerDependenciesMeta": {
        "pg-native": {
          "optional": true
        }
      }
    },
    "node_modules/pg-cloudflare": {
      "version": "1.4.0",
      "resolved": "https://registry.npmjs.org/pg-cloudflare/-/pg-cloudflare-1.4.0.tgz",
      "integrity": "sha512-Vo7z/6rrQYxpNRylp4Tlob2elzbh+N/MOQbxFVWCxS7oEx6jF53GTJFxK2WWpKuBRkmiin4Mt+xofFDjx09R0A==",
      "license": "MIT",
      "optional": true
    },
    "node_modules/pg-connection-string": {
      "version": "2.13.0",
      "resolved": "https://registry.npmjs.org/pg-connection-string/-/pg-connection-string-2.13.0.tgz",
      "integrity": "sha512-EMnU9E2fSULdsbErBbMaXJvFeD9B4+nPcM3f+4lsiCR0BHLPrLVjv3DbyM2hgQQviKJaTWIRRTjKjWlHg3p2ig==",
      "license": "MIT"
    },
    "node_modules/pg-int8": {
      "version": "1.0.1",
      "resolved": "https://registry.npmjs.org/pg-int8/-/pg-int8-1.0.1.tgz",
      "integrity": "sha512-WCtabS6t3c8SkpDBUlb1kjOs7l66xsGdKpIPZsg4wR+B3+u9UAum2odSsF9tnvxg80h4ZxLWMy4pRjOsFIqQpw==",
      "license": "ISC",
      "engines": {
        "node": ">=4.0.0"
      }
    },
    "node_modules/pg-pool": {
      "version": "3.14.0",
      "resolved": "https://registry.npmjs.org/pg-pool/-/pg-pool-3.14.0.tgz",
      "integrity": "sha512-gKtPkFdQPU3DksooVLi9LsjZxrsBUZIpa+7aVx+LV5pNh0KzP4Zleud2po+ConrxbuXGBJ6Hfer6hdgpIBpBaw==",
      "license": "MIT",
      "peerDependencies": {
        "pg": ">=8.0"
      }
    },
    "node_modules/pg-protocol": {
      "version": "1.14.0",
      "resolved": "https://registry.npmjs.org/pg-protocol/-/pg-protocol-1.14.0.tgz",
      "integrity": "sha512-n5taZ1kO3s9ngDTVxsEznOqCyToTgz0FLuPq0B33COy5pPpuWJpY3/2oRBVETuOgzdqRXfWpM9HIhp2LBBT1BA==",
      "license": "MIT"
    },
    "node_modules/pg-types": {
      "version": "2.2.0",
      "resolved": "https://registry.npmjs.org/pg-types/-/pg-types-2.2.0.tgz",
      "integrity": "sha512-qTAAlrEsl8s4OiEQY69wDvcMIdQN6wdz5ojQiOy6YRMuynxenON0O5oCpJI6lshc6scgAY8qvJ2On/p+CXY0GA==",
      "license": "MIT",
      "dependencies": {
        "pg-int8": "1.0.1",
        "postgres-array": "~2.0.0",
        "postgres-bytea": "~1.0.0",
        "postgres-date": "~1.0.4",
        "postgres-interval": "^1.1.0"
      },
      "engines": {
        "node": ">=4"
      }
    },
    "node_modules/pgpass": {
      "version": "1.0.5",
      "resolved": "https://registry.npmjs.org/pgpass/-/pgpass-1.0.5.tgz",
      "integrity": "sha512-FdW9r/jQZhSeohs1Z3sI1yxFQNFvMcnmfuj4WBMUTxOrAyLMaTcE1aAMBiTlbMNaXvBCQuVi0R7hd8udDSP7ug==",
      "license": "MIT",
      "dependencies": {
        "split2": "^4.1.0"
      }
    },
    "node_modules/postgres-array": {
      "version": "2.0.0",
      "resolved": "https://registry.npmjs.org/postgres-array/-/postgres-array-2.0.0.tgz",
      "integrity": "sha512-VpZrUqU5A69eQyW2c5CA1jtLecCsN2U/bD6VilrFDWq5+5UIEVO7nazS3TEcHf1zuPYO/sqGvUvW62g86RXZuA==",
      "license": "MIT",
      "engines": {
        "node": ">=4"
      }
    },
    "node_modules/postgres-bytea": {
      "version": "1.0.1",
      "resolved": "https://registry.npmjs.org/postgres-bytea/-/postgres-bytea-1.0.1.tgz",
      "integrity": "sha512-5+5HqXnsZPE65IJZSMkZtURARZelel2oXUEO8rH83VS/hxH5vv1uHquPg5wZs8yMAfdv971IU+kcPUczi7NVBQ==",
      "license": "MIT",
      "engines": {
        "node": ">=0.10.0"
      }
    },
    "node_modules/postgres-date": {
      "version": "1.0.7",
      "resolved": "https://registry.npmjs.org/postgres-date/-/postgres-date-1.0.7.tgz",
      "integrity": "sha512-suDmjLVQg78nMK2UZ454hAG+OAW+HQPZ6n++TNDUX+L0+uUlLywnoxJKDou51Zm+zTCjrCl0Nq6J9C5hP9vK/Q==",
      "license": "MIT",
      "engines": {
        "node": ">=0.10.0"
      }
    },
    "node_modules/postgres-interval": {
      "version": "1.2.0",
      "resolved": "https://registry.npmjs.org/postgres-interval/-/postgres-interval-1.2.0.tgz",
      "integrity": "sha512-9ZhXKM/rw350N1ovuWHbGxnGh/SNJ4cnxHiM0rxE4VN41wsg8P8zWn9hv/buK00RP4WvlOyr/RBDiptyxVbkZQ==",
      "license": "MIT",
      "dependencies": {
        "xtend": "^4.0.0"
      },
      "engines": {
        "node": ">=0.10.0"
      }
    },
    "node_modules/proj4": {
      "version": "2.20.8",
      "resolved": "https://registry.npmjs.org/proj4/-/proj4-2.20.8.tgz",
      "integrity": "sha512-1C8sfT4xY4PAPwk0MroFBTGF4R4bzDXdmPQTGYVLsoNssrZ9odzObxS2dTeGBty8jW8KO7h16C1Hs2JP+ctfFw==",
      "license": "MIT",
      "dependencies": {
        "mgrs": "1.0.0",
        "wkt-parser": "^1.5.5"
      },
      "funding": {
        "url": "https://github.com/sponsors/ahocevar"
      }
    },
    "node_modules/shp-write": {
      "version": "0.3.2",
      "resolved": "https://registry.npmjs.org/shp-write/-/shp-write-0.3.2.tgz",
      "integrity": "sha512-RNmfm+qzIwgwGMiV21lCxfEAtgP/owAd+sHLr6Qu+aDR1bbrCZ42H89nA9FQWUqfL+WHJy3n8+cTZxJrL/ZKWA==",
      "deprecated": "This package has moved under the @mapbox organization, and can be found here: https://www.npmjs.com/package/@mapbox/shp-write",
      "dev": true,
      "license": "BSD-2-Clause",
      "dependencies": {
        "dbf": "0.1.4",
        "jszip": "2.5.0"
      }
    },
    "node_modules/shpjs": {
      "version": "6.2.0",
      "resolved": "https://registry.npmjs.org/shpjs/-/shpjs-6.2.0.tgz",
      "integrity": "sha512-8cR/RKYHQepmVyBMtzZQ+1bnSbWrtLXS6aoEJmpUlOSHtSUddterebVxYmIWq2g9kOEX9jm2kjHiikyPX7cNQA==",
      "license": "MIT",
      "dependencies": {
        "but-unzip": "^0.1.4",
        "parsedbf": "^2.0.0",
        "proj4": "^2.1.4"
      }
    },
    "node_modules/split2": {
      "version": "4.2.0",
      "resolved": "https://registry.npmjs.org/split2/-/split2-4.2.0.tgz",
      "integrity": "sha512-UcjcJOWknrNkF6PLX83qcHM6KHgVKNkV62Y8a5uYDVv9ydGQVwAHMKqHdJje1VTWpljG0WYpCDhrCdAOYH4TWg==",
      "license": "ISC",
      "engines": {
        "node": ">= 10.x"
      }
    },
    "node_modules/wkt-parser": {
      "version": "1.5.5",
      "resolved": "https://registry.npmjs.org/wkt-parser/-/wkt-parser-1.5.5.tgz",
      "integrity": "sha512-/zMYi94/7D7fxcOSlVmWn6vnOMj3Gq5d1xvVjaYOS9n6h0qOJ4I7YYVxBWYcH1vq9+suhqzXkn05Yx47zQNUIA==",
      "license": "MIT",
      "funding": {
        "url": "https://github.com/sponsors/ahocevar"
      }
    },
    "node_modules/xtend": {
      "version": "4.0.2",
      "resolved": "https://registry.npmjs.org/xtend/-/xtend-4.0.2.tgz",
      "integrity": "sha512-LKYU1iAXJXUgAXn9URjiu+MWhyUXHsvfp7mcuYm9dSUKK0/CjtrUwFAxD82/mCWbtLsGjFIad0wIsod4zrTAEQ==",
      "license": "MIT",
      "engines": {
        "node": ">=0.4"
      }
    }
  }
}
